
Microsoft Visual Studio Solution File, Format Version 12.00
# Visual Studio Version 17
VisualStudioVersion = 17.12.35527.113 d17.12
MinimumVisualStudioVersion = 10.0.40219.1
Project("{FAE04EC0-301F-11D3-BF4B-00C04F79EFBC}") = "ExemploClasseAbstrataBCC", "ExemploClasseAbstrataBCC\ExemploClasseAbstrataBCC.csproj", "{F6426AF7-DA9B-4617-AA09-F0CEFA9065BF}"
EndProject
Global
	GlobalSection(SolutionConfigurationPlatforms) = preSolution
		Debug|Any CPU = Debug|Any CPU
		Release|Any CPU = Release|Any CPU
	EndGlobalSection
	GlobalSection(ProjectConfigurationPlatforms) = postSolution
		{F6426AF7-DA9B-4617-AA09-F0CEFA9065BF}.Debug|Any CPU.ActiveCfg = Debug|Any CPU
		{F6426AF7-DA9B-4617-AA09-F0CEFA9065BF}.Debug|Any CPU.Build.0 = Debug|Any CPU
		{F6426AF7-DA9B-4617-AA09-F0CEFA9065BF}.Release|Any CPU.ActiveCfg = Release|Any CPU
		{F6426AF7-DA9B-4617-AA09-F0CEFA9065BF}.Release|Any CPU.Build.0 = Release|Any CPU
	EndGlobalSection
	GlobalSection(SolutionProperties) = preSolution
		HideSolutionNode = FALSE
	EndGlobalSection
EndGlobal
